
Microsoft Visual Studio Solution File, Format Version 12.00
# Visual Studio Version 16
VisualStudioVersion = 16.0.37507.1
MinimumVisualStudioVersion = 10.0.40219.1
Project("{8BC9CEB8-8B4A-11D0-8D11-00A0C91BC942}") = "WIZARDTEST", "WIZARDTEST\WIZARDTEST.vcxproj", "{E4355230-0FF5-475A-ACA2-FE5BDE03BB84}"
EndProject
Global
	GlobalSection(SolutionConfigurationPlatforms) = preSolution
		Debug|x64 = Debug|x64
		Release|x64 = Release|x64
	EndGlobalSection
	GlobalSection(ProjectConfigurationPlatforms) = postSolution
		{E4355230-0FF5-475A-ACA2-FE5BDE03BB84}.Debug|x64.ActiveCfg = Debug|x64
		{E4355230-0FF5-475A-ACA2-FE5BDE03BB84}.Debug|x64.Build.0 = Debug|x64
		{E4355230-0FF5-475A-ACA2-FE5BDE03BB84}.Release|x64.ActiveCfg = Release|x64
		{E4355230-0FF5-475A-ACA2-FE5BDE03BB84}.Release|x64.Build.0 = Release|x64
	EndGlobalSection
	GlobalSection(SolutionProperties) = preSolution
		HideSolutionNode = FALSE
	EndGlobalSection
	GlobalSection(ExtensibilityGlobals) = postSolution
		SolutionGuid = {777A9C3C-EA21-4E90-8A00-72F2B8488221}
	EndGlobalSection
EndGlobal
